
Microsoft Visual Studio Solution File, Format Version 12.00
# Visual Studio Version 17
VisualStudioVersion = 17.10.35013.160
MinimumVisualStudioVersion = 10.0.40219.1
Project("{FAE04EC0-301F-11D3-BF4B-00C04F79EFBC}") = "EchoM", "EchoM\EchoM.csproj", "{B952E66D-42FC-4D01-9960-371B12FEB16B}"
EndProject
Global
	GlobalSection(SolutionConfigurationPlatforms) = preSolution
		Debug|Any CPU = Debug|Any CPU
		Release|Any CPU = Release|Any CPU
	EndGlobalSection
	GlobalSection(ProjectConfigurationPlatforms) = postSolution
		{B952E66D-42FC-4D01-9960-371B12FEB16B}.Debug|Any CPU.ActiveCfg = Debug|Any CPU
		{B952E66D-42FC-4D01-9960-371B12FEB16B}.Debug|Any CPU.Build.0 = Debug|Any CPU
		{B952E66D-42FC-4D01-9960-371B12FEB16B}.Release|Any CPU.ActiveCfg = Release|Any CPU
		{B952E66D-42FC-4D01-9960-371B12FEB16B}.Release|Any CPU.Build.0 = Release|Any CPU
	EndGlobalSection
	GlobalSection(SolutionProperties) = preSolution
		HideSolutionNode = FALSE
	EndGlobalSection
	GlobalSection(ExtensibilityGlobals) = postSolution
		SolutionGuid = {A0145A2A-6158-41C6-9398-B0CAA253DEB7}
	EndGlobalSection
EndGlobal
